<?xml version="1.0" encoding="UTF-8"?>
<Project ToolsVersion="15.0" xmlns="http://schemas.microsoft.com/developer/msbuild/2003">
  <ItemGroup>
    <CustomBuild Include="G:\DeallyEngine\Win32\CMakeFiles\dff14ae66d89150d3452c16891221b70\INSTALL_force.rule">
      <Filter>CMake Rules</Filter>
    </CustomBuild>
  </ItemGroup>
  <ItemGroup>
    <Filter Include="CMake Rules">
      <UniqueIdentifier>{C3A0B1E0-CF8D-3A99-9D5A-7966E44A6D36}</UniqueIdentifier>
    </Filter>
  </ItemGroup>
</Project>
