<?xml version="1.0" encoding="UTF-8"?>
<Project ToolsVersion="15.0" xmlns="http://schemas.microsoft.com/developer/msbuild/2003">
  <ItemGroup>
    <ClCompile Include="G:\DeallyEngine\dependencies\GLFW\examples\particles.c">
      <Filter>Source Files</Filter>
    </ClCompile>
    <ClCompile Include="G:\DeallyEngine\dependencies\GLFW\deps\tinycthread.c">
      <Filter>Source Files</Filter>
    </ClCompile>
    <ClCompile Include="G:\DeallyEngine\dependencies\GLFW\deps\getopt.c">
      <Filter>Source Files</Filter>
    </ClCompile>
    <ClCompile Include="G:\DeallyEngine\dependencies\GLFW\deps\glad.c">
      <Filter>Source Files</Filter>
    </ClCompile>
  </ItemGroup>
  <ItemGroup>
    <ClInclude Include="G:\DeallyEngine\dependencies\GLFW\deps\tinycthread.h">
      <Filter>Header Files</Filter>
    </ClInclude>
    <ClInclude Include="G:\DeallyEngine\dependencies\GLFW\deps\getopt.h">
      <Filter>Header Files</Filter>
    </ClInclude>
    <ClInclude Include="G:\DeallyEngine\dependencies\GLFW\deps\glad\glad.h">
      <Filter>Header Files</Filter>
    </ClInclude>
  </ItemGroup>
  <ItemGroup>
    <CustomBuild Include="G:\DeallyEngine\dependencies\GLFW\examples\CMakeLists.txt" />
  </ItemGroup>
  <ItemGroup>
    <ResourceCompile Include="G:\DeallyEngine\dependencies\GLFW\examples\glfw.rc">
      <Filter>Source Files</Filter>
    </ResourceCompile>
  </ItemGroup>
  <ItemGroup>
    <Filter Include="Source Files">
      <UniqueIdentifier>{C8BA2838-E4BC-3CE6-9132-B5B7DD505FDC}</UniqueIdentifier>
    </Filter>
    <Filter Include="Header Files">
      <UniqueIdentifier>{97B9AFF9-EF8D-3071-B07E-37547DD97821}</UniqueIdentifier>
    </Filter>
  </ItemGroup>
</Project>
