Microsoft Visual Studio Solution File, Format Version 12.00
# Visual Studio 15
Project("{2150E333-8FDC-42A3-9474-1A3956D46DE8}") = "CMakePredefinedTargets", "CMakePredefinedTargets", "{CD1A2C90-0080-3C24-8E89-47A2BA18A4E7}"
EndProject
Project("{2150E333-8FDC-42A3-9474-1A3956D46DE8}") = "GLFW3", "GLFW3", "{FBC29518-6DCB-3ACC-93E4-2F11B7F521F6}"
EndProject
Project("{2150E333-8FDC-42A3-9474-1A3956D46DE8}") = "Examples", "GLFW3\Examples", "{13E1FA16-FE19-37D0-897B-3B9C6BC521E3}"
EndProject
Project("{2150E333-8FDC-42A3-9474-1A3956D46DE8}") = "Tests", "GLFW3\Tests", "{6619903B-D9F7-3ED4-AE8C-B5059BCCE7A6}"
EndProject
Project("{8BC9CEB8-8B4A-11D0-8D11-00A0C91BC942}") = "ALL_BUILD", "ALL_BUILD.vcxproj", "{77951C2F-EFB3-31B6-8B2B-365AB3C4B564}"
	ProjectSection(ProjectDependencies) = postProject
		{F4A7129E-CC25-375B-8D68-AF4AB3A8EE62} = {F4A7129E-CC25-375B-8D68-AF4AB3A8EE62}
		{039700D4-2544-306B-A768-09DEB0F05F68} = {039700D4-2544-306B-A768-09DEB0F05F68}
		{60F48C94-D32F-3864-BE90-AD2AF1814322} = {60F48C94-D32F-3864-BE90-AD2AF1814322}
		{EEA02D1E-B8BB-340C-9081-523F0049175B} = {EEA02D1E-B8BB-340C-9081-523F0049175B}
		{C091505D-00B7-3504-BEB3-F613A982D907} = {C091505D-00B7-3504-BEB3-F613A982D907}
		{F0F8BC66-DF0A-38BE-BDA4-F34C6655A8F9} = {F0F8BC66-DF0A-38BE-BDA4-F34C6655A8F9}
		{C56949B5-6F19-32B8-A860-E8B069E3A4F9} = {C56949B5-6F19-32B8-A860-E8B069E3A4F9}
		{F756262E-0D4A-3938-9370-66E7B9833A4F} = {F756262E-0D4A-3938-9370-66E7B9833A4F}
		{B69BED31-9877-363F-92EC-3BB97DA2CDE6} = {B69BED31-9877-363F-92EC-3BB97DA2CDE6}
		{2852C76C-EA25-3C3E-AB6D-4687B08F7E42} = {2852C76C-EA25-3C3E-AB6D-4687B08F7E42}
		{FD01D0D5-CF7E-3030-B825-0C6642DEF6E1} = {FD01D0D5-CF7E-3030-B825-0C6642DEF6E1}
		{7F2199DC-2D34-305F-86DF-0B339C5CFCDD} = {7F2199DC-2D34-305F-86DF-0B339C5CFCDD}
		{25CE44F4-22E3-323C-8D02-452732DB91DF} = {25CE44F4-22E3-323C-8D02-452732DB91DF}
		{FBB13CEF-4ECA-3E61-A3E3-051246747F50} = {FBB13CEF-4ECA-3E61-A3E3-051246747F50}
		{48C26593-2D80-31C4-ADD2-B94DAE4DDD0B} = {48C26593-2D80-31C4-ADD2-B94DAE4DDD0B}
		{7D11F688-55FD-3E4F-B957-BB7B4FF0A741} = {7D11F688-55FD-3E4F-B957-BB7B4FF0A741}
		{B3BA18BA-BB8C-3706-A9A4-C5094F54E905} = {B3BA18BA-BB8C-3706-A9A4-C5094F54E905}
		{4F8F7A05-9DA9-3B2A-8C1D-E543DA00EBFE} = {4F8F7A05-9DA9-3B2A-8C1D-E543DA00EBFE}
		{232399A3-21CF-322B-B777-678D8FAD6496} = {232399A3-21CF-322B-B777-678D8FAD6496}
		{8CC49C88-AEEC-30B0-9D89-44D2BCB0F580} = {8CC49C88-AEEC-30B0-9D89-44D2BCB0F580}
		{AB966C51-B7EF-3F75-A5D7-96965523A937} = {AB966C51-B7EF-3F75-A5D7-96965523A937}
		{95EE4E60-3C65-381B-B980-C75190DE7AB0} = {95EE4E60-3C65-381B-B980-C75190DE7AB0}
		{26EFFE22-3583-391D-84CC-BDDEA91213A7} = {26EFFE22-3583-391D-84CC-BDDEA91213A7}
		{E8B20098-0FEE-35EA-B4D9-1CBAC7801A57} = {E8B20098-0FEE-35EA-B4D9-1CBAC7801A57}
		{08B6BEEB-9F95-368E-A2AD-56A72D45C6BF} = {08B6BEEB-9F95-368E-A2AD-56A72D45C6BF}
		{E973711A-6C14-3A37-A134-41FF24883240} = {E973711A-6C14-3A37-A134-41FF24883240}
		{B1220193-4004-3079-B9DB-C69A314F7247} = {B1220193-4004-3079-B9DB-C69A314F7247}
		{D6FE05B9-A042-3106-8822-F7331BD2AE9B} = {D6FE05B9-A042-3106-8822-F7331BD2AE9B}
	EndProjectSection
EndProject
Project("{8BC9CEB8-8B4A-11D0-8D11-00A0C91BC942}") = "INSTALL", "INSTALL.vcxproj", "{554CABDC-97B9-3E46-A9E2-6EABE4706369}"
	ProjectSection(ProjectDependencies) = postProject
		{77951C2F-EFB3-31B6-8B2B-365AB3C4B564} = {77951C2F-EFB3-31B6-8B2B-365AB3C4B564}
		{F4A7129E-CC25-375B-8D68-AF4AB3A8EE62} = {F4A7129E-CC25-375B-8D68-AF4AB3A8EE62}
	EndProjectSection
EndProject
Project("{8BC9CEB8-8B4A-11D0-8D11-00A0C91BC942}") = "ZERO_CHECK", "..\..\\ZERO_CHECK.vcxproj", "{F4A7129E-CC25-375B-8D68-AF4AB3A8EE62}"
	ProjectSection(ProjectDependencies) = postProject
	EndProjectSection
EndProject
Project("{8BC9CEB8-8B4A-11D0-8D11-00A0C91BC942}") = "boing", "examples\boing.vcxproj", "{039700D4-2544-306B-A768-09DEB0F05F68}"
	ProjectSection(ProjectDependencies) = postProject
		{F4A7129E-CC25-375B-8D68-AF4AB3A8EE62} = {F4A7129E-CC25-375B-8D68-AF4AB3A8EE62}
		{B69BED31-9877-363F-92EC-3BB97DA2CDE6} = {B69BED31-9877-363F-92EC-3BB97DA2CDE6}
	EndProjectSection
EndProject
Project("{8BC9CEB8-8B4A-11D0-8D11-00A0C91BC942}") = "clipboard", "tests\clipboard.vcxproj", "{60F48C94-D32F-3864-BE90-AD2AF1814322}"
	ProjectSection(ProjectDependencies) = postProject
		{F4A7129E-CC25-375B-8D68-AF4AB3A8EE62} = {F4A7129E-CC25-375B-8D68-AF4AB3A8EE62}
		{B69BED31-9877-363F-92EC-3BB97DA2CDE6} = {B69BED31-9877-363F-92EC-3BB97DA2CDE6}
	EndProjectSection
EndProject
Project("{8BC9CEB8-8B4A-11D0-8D11-00A0C91BC942}") = "cursor", "tests\cursor.vcxproj", "{EEA02D1E-B8BB-340C-9081-523F0049175B}"
	ProjectSection(ProjectDependencies) = postProject
		{F4A7129E-CC25-375B-8D68-AF4AB3A8EE62} = {F4A7129E-CC25-375B-8D68-AF4AB3A8EE62}
		{B69BED31-9877-363F-92EC-3BB97DA2CDE6} = {B69BED31-9877-363F-92EC-3BB97DA2CDE6}
	EndProjectSection
EndProject
Project("{8BC9CEB8-8B4A-11D0-8D11-00A0C91BC942}") = "empty", "tests\empty.vcxproj", "{C091505D-00B7-3504-BEB3-F613A982D907}"
	ProjectSection(ProjectDependencies) = postProject
		{F4A7129E-CC25-375B-8D68-AF4AB3A8EE62} = {F4A7129E-CC25-375B-8D68-AF4AB3A8EE62}
		{B69BED31-9877-363F-92EC-3BB97DA2CDE6} = {B69BED31-9877-363F-92EC-3BB97DA2CDE6}
	EndProjectSection
EndProject
Project("{8BC9CEB8-8B4A-11D0-8D11-00A0C91BC942}") = "events", "tests\events.vcxproj", "{F0F8BC66-DF0A-38BE-BDA4-F34C6655A8F9}"
	ProjectSection(ProjectDependencies) = postProject
		{F4A7129E-CC25-375B-8D68-AF4AB3A8EE62} = {F4A7129E-CC25-375B-8D68-AF4AB3A8EE62}
		{B69BED31-9877-363F-92EC-3BB97DA2CDE6} = {B69BED31-9877-363F-92EC-3BB97DA2CDE6}
	EndProjectSection
EndProject
Project("{8BC9CEB8-8B4A-11D0-8D11-00A0C91BC942}") = "gamma", "tests\gamma.vcxproj", "{C56949B5-6F19-32B8-A860-E8B069E3A4F9}"
	ProjectSection(ProjectDependencies) = postProject
		{F4A7129E-CC25-375B-8D68-AF4AB3A8EE62} = {F4A7129E-CC25-375B-8D68-AF4AB3A8EE62}
		{B69BED31-9877-363F-92EC-3BB97DA2CDE6} = {B69BED31-9877-363F-92EC-3BB97DA2CDE6}
	EndProjectSection
EndProject
Project("{8BC9CEB8-8B4A-11D0-8D11-00A0C91BC942}") = "gears", "examples\gears.vcxproj", "{F756262E-0D4A-3938-9370-66E7B9833A4F}"
	ProjectSection(ProjectDependencies) = postProject
		{F4A7129E-CC25-375B-8D68-AF4AB3A8EE62} = {F4A7129E-CC25-375B-8D68-AF4AB3A8EE62}
		{B69BED31-9877-363F-92EC-3BB97DA2CDE6} = {B69BED31-9877-363F-92EC-3BB97DA2CDE6}
	EndProjectSection
EndProject
Project("{8BC9CEB8-8B4A-11D0-8D11-00A0C91BC942}") = "glfw", "src\glfw.vcxproj", "{B69BED31-9877-363F-92EC-3BB97DA2CDE6}"
	ProjectSection(ProjectDependencies) = postProject
		{F4A7129E-CC25-375B-8D68-AF4AB3A8EE62} = {F4A7129E-CC25-375B-8D68-AF4AB3A8EE62}
	EndProjectSection
EndProject
Project("{8BC9CEB8-8B4A-11D0-8D11-00A0C91BC942}") = "glfwinfo", "tests\glfwinfo.vcxproj", "{2852C76C-EA25-3C3E-AB6D-4687B08F7E42}"
	ProjectSection(ProjectDependencies) = postProject
		{F4A7129E-CC25-375B-8D68-AF4AB3A8EE62} = {F4A7129E-CC25-375B-8D68-AF4AB3A8EE62}
		{B69BED31-9877-363F-92EC-3BB97DA2CDE6} = {B69BED31-9877-363F-92EC-3BB97DA2CDE6}
	EndProjectSection
EndProject
Project("{8BC9CEB8-8B4A-11D0-8D11-00A0C91BC942}") = "heightmap", "examples\heightmap.vcxproj", "{FD01D0D5-CF7E-3030-B825-0C6642DEF6E1}"
	ProjectSection(ProjectDependencies) = postProject
		{F4A7129E-CC25-375B-8D68-AF4AB3A8EE62} = {F4A7129E-CC25-375B-8D68-AF4AB3A8EE62}
		{B69BED31-9877-363F-92EC-3BB97DA2CDE6} = {B69BED31-9877-363F-92EC-3BB97DA2CDE6}
	EndProjectSection
EndProject
Project("{8BC9CEB8-8B4A-11D0-8D11-00A0C91BC942}") = "icon", "tests\icon.vcxproj", "{7F2199DC-2D34-305F-86DF-0B339C5CFCDD}"
	ProjectSection(ProjectDependencies) = postProject
		{F4A7129E-CC25-375B-8D68-AF4AB3A8EE62} = {F4A7129E-CC25-375B-8D68-AF4AB3A8EE62}
		{B69BED31-9877-363F-92EC-3BB97DA2CDE6} = {B69BED31-9877-363F-92EC-3BB97DA2CDE6}
	EndProjectSection
EndProject
Project("{8BC9CEB8-8B4A-11D0-8D11-00A0C91BC942}") = "iconify", "tests\iconify.vcxproj", "{25CE44F4-22E3-323C-8D02-452732DB91DF}"
	ProjectSection(ProjectDependencies) = postProject
		{F4A7129E-CC25-375B-8D68-AF4AB3A8EE62} = {F4A7129E-CC25-375B-8D68-AF4AB3A8EE62}
		{B69BED31-9877-363F-92EC-3BB97DA2CDE6} = {B69BED31-9877-363F-92EC-3BB97DA2CDE6}
	EndProjectSection
EndProject
Project("{8BC9CEB8-8B4A-11D0-8D11-00A0C91BC942}") = "joysticks", "tests\joysticks.vcxproj", "{FBB13CEF-4ECA-3E61-A3E3-051246747F50}"
	ProjectSection(ProjectDependencies) = postProject
		{F4A7129E-CC25-375B-8D68-AF4AB3A8EE62} = {F4A7129E-CC25-375B-8D68-AF4AB3A8EE62}
		{B69BED31-9877-363F-92EC-3BB97DA2CDE6} = {B69BED31-9877-363F-92EC-3BB97DA2CDE6}
	EndProjectSection
EndProject
Project("{8BC9CEB8-8B4A-11D0-8D11-00A0C91BC942}") = "monitors", "tests\monitors.vcxproj", "{48C26593-2D80-31C4-ADD2-B94DAE4DDD0B}"
	ProjectSection(ProjectDependencies) = postProject
		{F4A7129E-CC25-375B-8D68-AF4AB3A8EE62} = {F4A7129E-CC25-375B-8D68-AF4AB3A8EE62}
		{B69BED31-9877-363F-92EC-3BB97DA2CDE6} = {B69BED31-9877-363F-92EC-3BB97DA2CDE6}
	EndProjectSection
EndProject
Project("{8BC9CEB8-8B4A-11D0-8D11-00A0C91BC942}") = "msaa", "tests\msaa.vcxproj", "{7D11F688-55FD-3E4F-B957-BB7B4FF0A741}"
	ProjectSection(ProjectDependencies) = postProject
		{F4A7129E-CC25-375B-8D68-AF4AB3A8EE62} = {F4A7129E-CC25-375B-8D68-AF4AB3A8EE62}
		{B69BED31-9877-363F-92EC-3BB97DA2CDE6} = {B69BED31-9877-363F-92EC-3BB97DA2CDE6}
	EndProjectSection
EndProject
Project("{8BC9CEB8-8B4A-11D0-8D11-00A0C91BC942}") = "offscreen", "examples\offscreen.vcxproj", "{B3BA18BA-BB8C-3706-A9A4-C5094F54E905}"
	ProjectSection(ProjectDependencies) = postProject
		{F4A7129E-CC25-375B-8D68-AF4AB3A8EE62} = {F4A7129E-CC25-375B-8D68-AF4AB3A8EE62}
		{B69BED31-9877-363F-92EC-3BB97DA2CDE6} = {B69BED31-9877-363F-92EC-3BB97DA2CDE6}
	EndProjectSection
EndProject
Project("{8BC9CEB8-8B4A-11D0-8D11-00A0C91BC942}") = "particles", "examples\particles.vcxproj", "{4F8F7A05-9DA9-3B2A-8C1D-E543DA00EBFE}"
	ProjectSection(ProjectDependencies) = postProject
		{F4A7129E-CC25-375B-8D68-AF4AB3A8EE62} = {F4A7129E-CC25-375B-8D68-AF4AB3A8EE62}
		{B69BED31-9877-363F-92EC-3BB97DA2CDE6} = {B69BED31-9877-363F-92EC-3BB97DA2CDE6}
	EndProjectSection
EndProject
Project("{8BC9CEB8-8B4A-11D0-8D11-00A0C91BC942}") = "reopen", "tests\reopen.vcxproj", "{232399A3-21CF-322B-B777-678D8FAD6496}"
	ProjectSection(ProjectDependencies) = postProject
		{F4A7129E-CC25-375B-8D68-AF4AB3A8EE62} = {F4A7129E-CC25-375B-8D68-AF4AB3A8EE62}
		{B69BED31-9877-363F-92EC-3BB97DA2CDE6} = {B69BED31-9877-363F-92EC-3BB97DA2CDE6}
	EndProjectSection
EndProject
Project("{8BC9CEB8-8B4A-11D0-8D11-00A0C91BC942}") = "sharing", "tests\sharing.vcxproj", "{8CC49C88-AEEC-30B0-9D89-44D2BCB0F580}"
	ProjectSection(ProjectDependencies) = postProject
		{F4A7129E-CC25-375B-8D68-AF4AB3A8EE62} = {F4A7129E-CC25-375B-8D68-AF4AB3A8EE62}
		{B69BED31-9877-363F-92EC-3BB97DA2CDE6} = {B69BED31-9877-363F-92EC-3BB97DA2CDE6}
	EndProjectSection
EndProject
Project("{8BC9CEB8-8B4A-11D0-8D11-00A0C91BC942}") = "simple", "examples\simple.vcxproj", "{AB966C51-B7EF-3F75-A5D7-96965523A937}"
	ProjectSection(ProjectDependencies) = postProject
		{F4A7129E-CC25-375B-8D68-AF4AB3A8EE62} = {F4A7129E-CC25-375B-8D68-AF4AB3A8EE62}
		{B69BED31-9877-363F-92EC-3BB97DA2CDE6} = {B69BED31-9877-363F-92EC-3BB97DA2CDE6}
	EndProjectSection
EndProject
Project("{8BC9CEB8-8B4A-11D0-8D11-00A0C91BC942}") = "splitview", "examples\splitview.vcxproj", "{95EE4E60-3C65-381B-B980-C75190DE7AB0}"
	ProjectSection(ProjectDependencies) = postProject
		{F4A7129E-CC25-375B-8D68-AF4AB3A8EE62} = {F4A7129E-CC25-375B-8D68-AF4AB3A8EE62}
		{B69BED31-9877-363F-92EC-3BB97DA2CDE6} = {B69BED31-9877-363F-92EC-3BB97DA2CDE6}
	EndProjectSection
EndProject
Project("{8BC9CEB8-8B4A-11D0-8D11-00A0C91BC942}") = "tearing", "tests\tearing.vcxproj", "{26EFFE22-3583-391D-84CC-BDDEA91213A7}"
	ProjectSection(ProjectDependencies) = postProject
		{F4A7129E-CC25-375B-8D68-AF4AB3A8EE62} = {F4A7129E-CC25-375B-8D68-AF4AB3A8EE62}
		{B69BED31-9877-363F-92EC-3BB97DA2CDE6} = {B69BED31-9877-363F-92EC-3BB97DA2CDE6}
	EndProjectSection
EndProject
Project("{8BC9CEB8-8B4A-11D0-8D11-00A0C91BC942}") = "threads", "tests\threads.vcxproj", "{E8B20098-0FEE-35EA-B4D9-1CBAC7801A57}"
	ProjectSection(ProjectDependencies) = postProject
		{F4A7129E-CC25-375B-8D68-AF4AB3A8EE62} = {F4A7129E-CC25-375B-8D68-AF4AB3A8EE62}
		{B69BED31-9877-363F-92EC-3BB97DA2CDE6} = {B69BED31-9877-363F-92EC-3BB97DA2CDE6}
	EndProjectSection
EndProject
Project("{8BC9CEB8-8B4A-11D0-8D11-00A0C91BC942}") = "timeout", "tests\timeout.vcxproj", "{08B6BEEB-9F95-368E-A2AD-56A72D45C6BF}"
	ProjectSection(ProjectDependencies) = postProject
		{F4A7129E-CC25-375B-8D68-AF4AB3A8EE62} = {F4A7129E-CC25-375B-8D68-AF4AB3A8EE62}
		{B69BED31-9877-363F-92EC-3BB97DA2CDE6} = {B69BED31-9877-363F-92EC-3BB97DA2CDE6}
	EndProjectSection
EndProject
Project("{8BC9CEB8-8B4A-11D0-8D11-00A0C91BC942}") = "title", "tests\title.vcxproj", "{E973711A-6C14-3A37-A134-41FF24883240}"
	ProjectSection(ProjectDependencies) = postProject
		{F4A7129E-CC25-375B-8D68-AF4AB3A8EE62} = {F4A7129E-CC25-375B-8D68-AF4AB3A8EE62}
		{B69BED31-9877-363F-92EC-3BB97DA2CDE6} = {B69BED31-9877-363F-92EC-3BB97DA2CDE6}
	EndProjectSection
EndProject
Project("{8BC9CEB8-8B4A-11D0-8D11-00A0C91BC942}") = "uninstall", "uninstall.vcxproj", "{31A994CE-2CE7-365C-A769-823526D765F3}"
	ProjectSection(ProjectDependencies) = postProject
		{F4A7129E-CC25-375B-8D68-AF4AB3A8EE62} = {F4A7129E-CC25-375B-8D68-AF4AB3A8EE62}
	EndProjectSection
EndProject
Project("{8BC9CEB8-8B4A-11D0-8D11-00A0C91BC942}") = "wave", "examples\wave.vcxproj", "{B1220193-4004-3079-B9DB-C69A314F7247}"
	ProjectSection(ProjectDependencies) = postProject
		{F4A7129E-CC25-375B-8D68-AF4AB3A8EE62} = {F4A7129E-CC25-375B-8D68-AF4AB3A8EE62}
		{B69BED31-9877-363F-92EC-3BB97DA2CDE6} = {B69BED31-9877-363F-92EC-3BB97DA2CDE6}
	EndProjectSection
EndProject
Project("{8BC9CEB8-8B4A-11D0-8D11-00A0C91BC942}") = "windows", "tests\windows.vcxproj", "{D6FE05B9-A042-3106-8822-F7331BD2AE9B}"
	ProjectSection(ProjectDependencies) = postProject
		{F4A7129E-CC25-375B-8D68-AF4AB3A8EE62} = {F4A7129E-CC25-375B-8D68-AF4AB3A8EE62}
		{B69BED31-9877-363F-92EC-3BB97DA2CDE6} = {B69BED31-9877-363F-92EC-3BB97DA2CDE6}
	EndProjectSection
EndProject
Global
	GlobalSection(SolutionConfigurationPlatforms) = preSolution
		Debug|Win32 = Debug|Win32
		Release|Win32 = Release|Win32
		MinSizeRel|Win32 = MinSizeRel|Win32
		RelWithDebInfo|Win32 = RelWithDebInfo|Win32
	EndGlobalSection
	GlobalSection(ProjectConfigurationPlatforms) = postSolution
		{77951C2F-EFB3-31B6-8B2B-365AB3C4B564}.Debug|Win32.ActiveCfg = Debug|Win32
		{77951C2F-EFB3-31B6-8B2B-365AB3C4B564}.Debug|Win32.Build.0 = Debug|Win32
		{77951C2F-EFB3-31B6-8B2B-365AB3C4B564}.Release|Win32.ActiveCfg = Release|Win32
		{77951C2F-EFB3-31B6-8B2B-365AB3C4B564}.Release|Win32.Build.0 = Release|Win32
		{77951C2F-EFB3-31B6-8B2B-365AB3C4B564}.MinSizeRel|Win32.ActiveCfg = MinSizeRel|Win32
		{77951C2F-EFB3-31B6-8B2B-365AB3C4B564}.MinSizeRel|Win32.Build.0 = MinSizeRel|Win32
		{77951C2F-EFB3-31B6-8B2B-365AB3C4B564}.RelWithDebInfo|Win32.ActiveCfg = RelWithDebInfo|Win32
		{77951C2F-EFB3-31B6-8B2B-365AB3C4B564}.RelWithDebInfo|Win32.Build.0 = RelWithDebInfo|Win32
		{554CABDC-97B9-3E46-A9E2-6EABE4706369}.Debug|Win32.ActiveCfg = Debug|Win32
		{554CABDC-97B9-3E46-A9E2-6EABE4706369}.Release|Win32.ActiveCfg = Release|Win32
		{554CABDC-97B9-3E46-A9E2-6EABE4706369}.MinSizeRel|Win32.ActiveCfg = MinSizeRel|Win32
		{554CABDC-97B9-3E46-A9E2-6EABE4706369}.RelWithDebInfo|Win32.ActiveCfg = RelWithDebInfo|Win32
		{F4A7129E-CC25-375B-8D68-AF4AB3A8EE62}.Debug|Win32.ActiveCfg = Debug|Win32
		{F4A7129E-CC25-375B-8D68-AF4AB3A8EE62}.Debug|Win32.Build.0 = Debug|Win32
		{F4A7129E-CC25-375B-8D68-AF4AB3A8EE62}.Release|Win32.ActiveCfg = Release|Win32
		{F4A7129E-CC25-375B-8D68-AF4AB3A8EE62}.Release|Win32.Build.0 = Release|Win32
		{F4A7129E-CC25-375B-8D68-AF4AB3A8EE62}.MinSizeRel|Win32.ActiveCfg = MinSizeRel|Win32
		{F4A7129E-CC25-375B-8D68-AF4AB3A8EE62}.MinSizeRel|Win32.Build.0 = MinSizeRel|Win32
		{F4A7129E-CC25-375B-8D68-AF4AB3A8EE62}.RelWithDebInfo|Win32.ActiveCfg = RelWithDebInfo|Win32
		{F4A7129E-CC25-375B-8D68-AF4AB3A8EE62}.RelWithDebInfo|Win32.Build.0 = RelWithDebInfo|Win32
		{039700D4-2544-306B-A768-09DEB0F05F68}.Debug|Win32.ActiveCfg = Debug|Win32
		{039700D4-2544-306B-A768-09DEB0F05F68}.Debug|Win32.Build.0 = Debug|Win32
		{039700D4-2544-306B-A768-09DEB0F05F68}.Release|Win32.ActiveCfg = Release|Win32
		{039700D4-2544-306B-A768-09DEB0F05F68}.Release|Win32.Build.0 = Release|Win32
		{039700D4-2544-306B-A768-09DEB0F05F68}.MinSizeRel|Win32.ActiveCfg = MinSizeRel|Win32
		{039700D4-2544-306B-A768-09DEB0F05F68}.MinSizeRel|Win32.Build.0 = MinSizeRel|Win32
		{039700D4-2544-306B-A768-09DEB0F05F68}.RelWithDebInfo|Win32.ActiveCfg = RelWithDebInfo|Win32
		{039700D4-2544-306B-A768-09DEB0F05F68}.RelWithDebInfo|Win32.Build.0 = RelWithDebInfo|Win32
		{60F48C94-D32F-3864-BE90-AD2AF1814322}.Debug|Win32.ActiveCfg = Debug|Win32
		{60F48C94-D32F-3864-BE90-AD2AF1814322}.Debug|Win32.Build.0 = Debug|Win32
		{60F48C94-D32F-3864-BE90-AD2AF1814322}.Release|Win32.ActiveCfg = Release|Win32
		{60F48C94-D32F-3864-BE90-AD2AF1814322}.Release|Win32.Build.0 = Release|Win32
		{60F48C94-D32F-3864-BE90-AD2AF1814322}.MinSizeRel|Win32.ActiveCfg = MinSizeRel|Win32
		{60F48C94-D32F-3864-BE90-AD2AF1814322}.MinSizeRel|Win32.Build.0 = MinSizeRel|Win32
		{60F48C94-D32F-3864-BE90-AD2AF1814322}.RelWithDebInfo|Win32.ActiveCfg = RelWithDebInfo|Win32
		{60F48C94-D32F-3864-BE90-AD2AF1814322}.RelWithDebInfo|Win32.Build.0 = RelWithDebInfo|Win32
		{EEA02D1E-B8BB-340C-9081-523F0049175B}.Debug|Win32.ActiveCfg = Debug|Win32
		{EEA02D1E-B8BB-340C-9081-523F0049175B}.Debug|Win32.Build.0 = Debug|Win32
		{EEA02D1E-B8BB-340C-9081-523F0049175B}.Release|Win32.ActiveCfg = Release|Win32
		{EEA02D1E-B8BB-340C-9081-523F0049175B}.Release|Win32.Build.0 = Release|Win32
		{EEA02D1E-B8BB-340C-9081-523F0049175B}.MinSizeRel|Win32.ActiveCfg = MinSizeRel|Win32
		{EEA02D1E-B8BB-340C-9081-523F0049175B}.MinSizeRel|Win32.Build.0 = MinSizeRel|Win32
		{EEA02D1E-B8BB-340C-9081-523F0049175B}.RelWithDebInfo|Win32.ActiveCfg = RelWithDebInfo|Win32
		{EEA02D1E-B8BB-340C-9081-523F0049175B}.RelWithDebInfo|Win32.Build.0 = RelWithDebInfo|Win32
		{C091505D-00B7-3504-BEB3-F613A982D907}.Debug|Win32.ActiveCfg = Debug|Win32
		{C091505D-00B7-3504-BEB3-F613A982D907}.Debug|Win32.Build.0 = Debug|Win32
		{C091505D-00B7-3504-BEB3-F613A982D907}.Release|Win32.ActiveCfg = Release|Win32
		{C091505D-00B7-3504-BEB3-F613A982D907}.Release|Win32.Build.0 = Release|Win32
		{C091505D-00B7-3504-BEB3-F613A982D907}.MinSizeRel|Win32.ActiveCfg = MinSizeRel|Win32
		{C091505D-00B7-3504-BEB3-F613A982D907}.MinSizeRel|Win32.Build.0 = MinSizeRel|Win32
		{C091505D-00B7-3504-BEB3-F613A982D907}.RelWithDebInfo|Win32.ActiveCfg = RelWithDebInfo|Win32
		{C091505D-00B7-3504-BEB3-F613A982D907}.RelWithDebInfo|Win32.Build.0 = RelWithDebInfo|Win32
		{F0F8BC66-DF0A-38BE-BDA4-F34C6655A8F9}.Debug|Win32.ActiveCfg = Debug|Win32
		{F0F8BC66-DF0A-38BE-BDA4-F34C6655A8F9}.Debug|Win32.Build.0 = Debug|Win32
		{F0F8BC66-DF0A-38BE-BDA4-F34C6655A8F9}.Release|Win32.ActiveCfg = Release|Win32
		{F0F8BC66-DF0A-38BE-BDA4-F34C6655A8F9}.Release|Win32.Build.0 = Release|Win32
		{F0F8BC66-DF0A-38BE-BDA4-F34C6655A8F9}.MinSizeRel|Win32.ActiveCfg = MinSizeRel|Win32
		{F0F8BC66-DF0A-38BE-BDA4-F34C6655A8F9}.MinSizeRel|Win32.Build.0 = MinSizeRel|Win32
		{F0F8BC66-DF0A-38BE-BDA4-F34C6655A8F9}.RelWithDebInfo|Win32.ActiveCfg = RelWithDebInfo|Win32
		{F0F8BC66-DF0A-38BE-BDA4-F34C6655A8F9}.RelWithDebInfo|Win32.Build.0 = RelWithDebInfo|Win32
		{C56949B5-6F19-32B8-A860-E8B069E3A4F9}.Debug|Win32.ActiveCfg = Debug|Win32
		{C56949B5-6F19-32B8-A860-E8B069E3A4F9}.Debug|Win32.Build.0 = Debug|Win32
		{C56949B5-6F19-32B8-A860-E8B069E3A4F9}.Release|Win32.ActiveCfg = Release|Win32
		{C56949B5-6F19-32B8-A860-E8B069E3A4F9}.Release|Win32.Build.0 = Release|Win32
		{C56949B5-6F19-32B8-A860-E8B069E3A4F9}.MinSizeRel|Win32.ActiveCfg = MinSizeRel|Win32
		{C56949B5-6F19-32B8-A860-E8B069E3A4F9}.MinSizeRel|Win32.Build.0 = MinSizeRel|Win32
		{C56949B5-6F19-32B8-A860-E8B069E3A4F9}.RelWithDebInfo|Win32.ActiveCfg = RelWithDebInfo|Win32
		{C56949B5-6F19-32B8-A860-E8B069E3A4F9}.RelWithDebInfo|Win32.Build.0 = RelWithDebInfo|Win32
		{F756262E-0D4A-3938-9370-66E7B9833A4F}.Debug|Win32.ActiveCfg = Debug|Win32
		{F756262E-0D4A-3938-9370-66E7B9833A4F}.Debug|Win32.Build.0 = Debug|Win32
		{F756262E-0D4A-3938-9370-66E7B9833A4F}.Release|Win32.ActiveCfg = Release|Win32
		{F756262E-0D4A-3938-9370-66E7B9833A4F}.Release|Win32.Build.0 = Release|Win32
		{F756262E-0D4A-3938-9370-66E7B9833A4F}.MinSizeRel|Win32.ActiveCfg = MinSizeRel|Win32
		{F756262E-0D4A-3938-9370-66E7B9833A4F}.MinSizeRel|Win32.Build.0 = MinSizeRel|Win32
		{F756262E-0D4A-3938-9370-66E7B9833A4F}.RelWithDebInfo|Win32.ActiveCfg = RelWithDebInfo|Win32
		{F756262E-0D4A-3938-9370-66E7B9833A4F}.RelWithDebInfo|Win32.Build.0 = RelWithDebInfo|Win32
		{B69BED31-9877-363F-92EC-3BB97DA2CDE6}.Debug|Win32.ActiveCfg = Debug|Win32
		{B69BED31-9877-363F-92EC-3BB97DA2CDE6}.Debug|Win32.Build.0 = Debug|Win32
		{B69BED31-9877-363F-92EC-3BB97DA2CDE6}.Release|Win32.ActiveCfg = Release|Win32
		{B69BED31-9877-363F-92EC-3BB97DA2CDE6}.Release|Win32.Build.0 = Release|Win32
		{B69BED31-9877-363F-92EC-3BB97DA2CDE6}.MinSizeRel|Win32.ActiveCfg = MinSizeRel|Win32
		{B69BED31-9877-363F-92EC-3BB97DA2CDE6}.MinSizeRel|Win32.Build.0 = MinSizeRel|Win32
		{B69BED31-9877-363F-92EC-3BB97DA2CDE6}.RelWithDebInfo|Win32.ActiveCfg = RelWithDebInfo|Win32
		{B69BED31-9877-363F-92EC-3BB97DA2CDE6}.RelWithDebInfo|Win32.Build.0 = RelWithDebInfo|Win32
		{2852C76C-EA25-3C3E-AB6D-4687B08F7E42}.Debug|Win32.ActiveCfg = Debug|Win32
		{2852C76C-EA25-3C3E-AB6D-4687B08F7E42}.Debug|Win32.Build.0 = Debug|Win32
		{2852C76C-EA25-3C3E-AB6D-4687B08F7E42}.Release|Win32.ActiveCfg = Release|Win32
		{2852C76C-EA25-3C3E-AB6D-4687B08F7E42}.Release|Win32.Build.0 = Release|Win32
		{2852C76C-EA25-3C3E-AB6D-4687B08F7E42}.MinSizeRel|Win32.ActiveCfg = MinSizeRel|Win32
		{2852C76C-EA25-3C3E-AB6D-4687B08F7E42}.MinSizeRel|Win32.Build.0 = MinSizeRel|Win32
		{2852C76C-EA25-3C3E-AB6D-4687B08F7E42}.RelWithDebInfo|Win32.ActiveCfg = RelWithDebInfo|Win32
		{2852C76C-EA25-3C3E-AB6D-4687B08F7E42}.RelWithDebInfo|Win32.Build.0 = RelWithDebInfo|Win32
		{FD01D0D5-CF7E-3030-B825-0C6642DEF6E1}.Debug|Win32.ActiveCfg = Debug|Win32
		{FD01D0D5-CF7E-3030-B825-0C6642DEF6E1}.Debug|Win32.Build.0 = Debug|Win32
		{FD01D0D5-CF7E-3030-B825-0C6642DEF6E1}.Release|Win32.ActiveCfg = Release|Win32
		{FD01D0D5-CF7E-3030-B825-0C6642DEF6E1}.Release|Win32.Build.0 = Release|Win32
		{FD01D0D5-CF7E-3030-B825-0C6642DEF6E1}.MinSizeRel|Win32.ActiveCfg = MinSizeRel|Win32
		{FD01D0D5-CF7E-3030-B825-0C6642DEF6E1}.MinSizeRel|Win32.Build.0 = MinSizeRel|Win32
		{FD01D0D5-CF7E-3030-B825-0C6642DEF6E1}.RelWithDebInfo|Win32.ActiveCfg = RelWithDebInfo|Win32
		{FD01D0D5-CF7E-3030-B825-0C6642DEF6E1}.RelWithDebInfo|Win32.Build.0 = RelWithDebInfo|Win32
		{7F2199DC-2D34-305F-86DF-0B339C5CFCDD}.Debug|Win32.ActiveCfg = Debug|Win32
		{7F2199DC-2D34-305F-86DF-0B339C5CFCDD}.Debug|Win32.Build.0 = Debug|Win32
		{7F2199DC-2D34-305F-86DF-0B339C5CFCDD}.Release|Win32.ActiveCfg = Release|Win32
		{7F2199DC-2D34-305F-86DF-0B339C5CFCDD}.Release|Win32.Build.0 = Release|Win32
		{7F2199DC-2D34-305F-86DF-0B339C5CFCDD}.MinSizeRel|Win32.ActiveCfg = MinSizeRel|Win32
		{7F2199DC-2D34-305F-86DF-0B339C5CFCDD}.MinSizeRel|Win32.Build.0 = MinSizeRel|Win32
		{7F2199DC-2D34-305F-86DF-0B339C5CFCDD}.RelWithDebInfo|Win32.ActiveCfg = RelWithDebInfo|Win32
		{7F2199DC-2D34-305F-86DF-0B339C5CFCDD}.RelWithDebInfo|Win32.Build.0 = RelWithDebInfo|Win32
		{25CE44F4-22E3-323C-8D02-452732DB91DF}.Debug|Win32.ActiveCfg = Debug|Win32
		{25CE44F4-22E3-323C-8D02-452732DB91DF}.Debug|Win32.Build.0 = Debug|Win32
		{25CE44F4-22E3-323C-8D02-452732DB91DF}.Release|Win32.ActiveCfg = Release|Win32
		{25CE44F4-22E3-323C-8D02-452732DB91DF}.Release|Win32.Build.0 = Release|Win32
		{25CE44F4-22E3-323C-8D02-452732DB91DF}.MinSizeRel|Win32.ActiveCfg = MinSizeRel|Win32
		{25CE44F4-22E3-323C-8D02-452732DB91DF}.MinSizeRel|Win32.Build.0 = MinSizeRel|Win32
		{25CE44F4-22E3-323C-8D02-452732DB91DF}.RelWithDebInfo|Win32.ActiveCfg = RelWithDebInfo|Win32
		{25CE44F4-22E3-323C-8D02-452732DB91DF}.RelWithDebInfo|Win32.Build.0 = RelWithDebInfo|Win32
		{FBB13CEF-4ECA-3E61-A3E3-051246747F50}.Debug|Win32.ActiveCfg = Debug|Win32
		{FBB13CEF-4ECA-3E61-A3E3-051246747F50}.Debug|Win32.Build.0 = Debug|Win32
		{FBB13CEF-4ECA-3E61-A3E3-051246747F50}.Release|Win32.ActiveCfg = Release|Win32
		{FBB13CEF-4ECA-3E61-A3E3-051246747F50}.Release|Win32.Build.0 = Release|Win32
		{FBB13CEF-4ECA-3E61-A3E3-051246747F50}.MinSizeRel|Win32.ActiveCfg = MinSizeRel|Win32
		{FBB13CEF-4ECA-3E61-A3E3-051246747F50}.MinSizeRel|Win32.Build.0 = MinSizeRel|Win32
		{FBB13CEF-4ECA-3E61-A3E3-051246747F50}.RelWithDebInfo|Win32.ActiveCfg = RelWithDebInfo|Win32
		{FBB13CEF-4ECA-3E61-A3E3-051246747F50}.RelWithDebInfo|Win32.Build.0 = RelWithDebInfo|Win32
		{48C26593-2D80-31C4-ADD2-B94DAE4DDD0B}.Debug|Win32.ActiveCfg = Debug|Win32
		{48C26593-2D80-31C4-ADD2-B94DAE4DDD0B}.Debug|Win32.Build.0 = Debug|Win32
		{48C26593-2D80-31C4-ADD2-B94DAE4DDD0B}.Release|Win32.ActiveCfg = Release|Win32
		{48C26593-2D80-31C4-ADD2-B94DAE4DDD0B}.Release|Win32.Build.0 = Release|Win32
		{48C26593-2D80-31C4-ADD2-B94DAE4DDD0B}.MinSizeRel|Win32.ActiveCfg = MinSizeRel|Win32
		{48C26593-2D80-31C4-ADD2-B94DAE4DDD0B}.MinSizeRel|Win32.Build.0 = MinSizeRel|Win32
		{48C26593-2D80-31C4-ADD2-B94DAE4DDD0B}.RelWithDebInfo|Win32.ActiveCfg = RelWithDebInfo|Win32
		{48C26593-2D80-31C4-ADD2-B94DAE4DDD0B}.RelWithDebInfo|Win32.Build.0 = RelWithDebInfo|Win32
		{7D11F688-55FD-3E4F-B957-BB7B4FF0A741}.Debug|Win32.ActiveCfg = Debug|Win32
		{7D11F688-55FD-3E4F-B957-BB7B4FF0A741}.Debug|Win32.Build.0 = Debug|Win32
		{7D11F688-55FD-3E4F-B957-BB7B4FF0A741}.Release|Win32.ActiveCfg = Release|Win32
		{7D11F688-55FD-3E4F-B957-BB7B4FF0A741}.Release|Win32.Build.0 = Release|Win32
		{7D11F688-55FD-3E4F-B957-BB7B4FF0A741}.MinSizeRel|Win32.ActiveCfg = MinSizeRel|Win32
		{7D11F688-55FD-3E4F-B957-BB7B4FF0A741}.MinSizeRel|Win32.Build.0 = MinSizeRel|Win32
		{7D11F688-55FD-3E4F-B957-BB7B4FF0A741}.RelWithDebInfo|Win32.ActiveCfg = RelWithDebInfo|Win32
		{7D11F688-55FD-3E4F-B957-BB7B4FF0A741}.RelWithDebInfo|Win32.Build.0 = RelWithDebInfo|Win32
		{B3BA18BA-BB8C-3706-A9A4-C5094F54E905}.Debug|Win32.ActiveCfg = Debug|Win32
		{B3BA18BA-BB8C-3706-A9A4-C5094F54E905}.Debug|Win32.Build.0 = Debug|Win32
		{B3BA18BA-BB8C-3706-A9A4-C5094F54E905}.Release|Win32.ActiveCfg = Release|Win32
		{B3BA18BA-BB8C-3706-A9A4-C5094F54E905}.Release|Win32.Build.0 = Release|Win32
		{B3BA18BA-BB8C-3706-A9A4-C5094F54E905}.MinSizeRel|Win32.ActiveCfg = MinSizeRel|Win32
		{B3BA18BA-BB8C-3706-A9A4-C5094F54E905}.MinSizeRel|Win32.Build.0 = MinSizeRel|Win32
		{B3BA18BA-BB8C-3706-A9A4-C5094F54E905}.RelWithDebInfo|Win32.ActiveCfg = RelWithDebInfo|Win32
		{B3BA18BA-BB8C-3706-A9A4-C5094F54E905}.RelWithDebInfo|Win32.Build.0 = RelWithDebInfo|Win32
		{4F8F7A05-9DA9-3B2A-8C1D-E543DA00EBFE}.Debug|Win32.ActiveCfg = Debug|Win32
		{4F8F7A05-9DA9-3B2A-8C1D-E543DA00EBFE}.Debug|Win32.Build.0 = Debug|Win32
		{4F8F7A05-9DA9-3B2A-8C1D-E543DA00EBFE}.Release|Win32.ActiveCfg = Release|Win32
		{4F8F7A05-9DA9-3B2A-8C1D-E543DA00EBFE}.Release|Win32.Build.0 = Release|Win32
		{4F8F7A05-9DA9-3B2A-8C1D-E543DA00EBFE}.MinSizeRel|Win32.ActiveCfg = MinSizeRel|Win32
		{4F8F7A05-9DA9-3B2A-8C1D-E543DA00EBFE}.MinSizeRel|Win32.Build.0 = MinSizeRel|Win32
		{4F8F7A05-9DA9-3B2A-8C1D-E543DA00EBFE}.RelWithDebInfo|Win32.ActiveCfg = RelWithDebInfo|Win32
		{4F8F7A05-9DA9-3B2A-8C1D-E543DA00EBFE}.RelWithDebInfo|Win32.Build.0 = RelWithDebInfo|Win32
		{232399A3-21CF-322B-B777-678D8FAD6496}.Debug|Win32.ActiveCfg = Debug|Win32
		{232399A3-21CF-322B-B777-678D8FAD6496}.Debug|Win32.Build.0 = Debug|Win32
		{232399A3-21CF-322B-B777-678D8FAD6496}.Release|Win32.ActiveCfg = Release|Win32
		{232399A3-21CF-322B-B777-678D8FAD6496}.Release|Win32.Build.0 = Release|Win32
		{232399A3-21CF-322B-B777-678D8FAD6496}.MinSizeRel|Win32.ActiveCfg = MinSizeRel|Win32
		{232399A3-21CF-322B-B777-678D8FAD6496}.MinSizeRel|Win32.Build.0 = MinSizeRel|Win32
		{232399A3-21CF-322B-B777-678D8FAD6496}.RelWithDebInfo|Win32.ActiveCfg = RelWithDebInfo|Win32
		{232399A3-21CF-322B-B777-678D8FAD6496}.RelWithDebInfo|Win32.Build.0 = RelWithDebInfo|Win32
		{8CC49C88-AEEC-30B0-9D89-44D2BCB0F580}.Debug|Win32.ActiveCfg = Debug|Win32
		{8CC49C88-AEEC-30B0-9D89-44D2BCB0F580}.Debug|Win32.Build.0 = Debug|Win32
		{8CC49C88-AEEC-30B0-9D89-44D2BCB0F580}.Release|Win32.ActiveCfg = Release|Win32
		{8CC49C88-AEEC-30B0-9D89-44D2BCB0F580}.Release|Win32.Build.0 = Release|Win32
		{8CC49C88-AEEC-30B0-9D89-44D2BCB0F580}.MinSizeRel|Win32.ActiveCfg = MinSizeRel|Win32
		{8CC49C88-AEEC-30B0-9D89-44D2BCB0F580}.MinSizeRel|Win32.Build.0 = MinSizeRel|Win32
		{8CC49C88-AEEC-30B0-9D89-44D2BCB0F580}.RelWithDebInfo|Win32.ActiveCfg = RelWithDebInfo|Win32
		{8CC49C88-AEEC-30B0-9D89-44D2BCB0F580}.RelWithDebInfo|Win32.Build.0 = RelWithDebInfo|Win32
		{AB966C51-B7EF-3F75-A5D7-96965523A937}.Debug|Win32.ActiveCfg = Debug|Win32
		{AB966C51-B7EF-3F75-A5D7-96965523A937}.Debug|Win32.Build.0 = Debug|Win32
		{AB966C51-B7EF-3F75-A5D7-96965523A937}.Release|Win32.ActiveCfg = Release|Win32
		{AB966C51-B7EF-3F75-A5D7-96965523A937}.Release|Win32.Build.0 = Release|Win32
		{AB966C51-B7EF-3F75-A5D7-96965523A937}.MinSizeRel|Win32.ActiveCfg = MinSizeRel|Win32
		{AB966C51-B7EF-3F75-A5D7-96965523A937}.MinSizeRel|Win32.Build.0 = MinSizeRel|Win32
		{AB966C51-B7EF-3F75-A5D7-96965523A937}.RelWithDebInfo|Win32.ActiveCfg = RelWithDebInfo|Win32
		{AB966C51-B7EF-3F75-A5D7-96965523A937}.RelWithDebInfo|Win32.Build.0 = RelWithDebInfo|Win32
		{95EE4E60-3C65-381B-B980-C75190DE7AB0}.Debug|Win32.ActiveCfg = Debug|Win32
		{95EE4E60-3C65-381B-B980-C75190DE7AB0}.Debug|Win32.Build.0 = Debug|Win32
		{95EE4E60-3C65-381B-B980-C75190DE7AB0}.Release|Win32.ActiveCfg = Release|Win32
		{95EE4E60-3C65-381B-B980-C75190DE7AB0}.Release|Win32.Build.0 = Release|Win32
		{95EE4E60-3C65-381B-B980-C75190DE7AB0}.MinSizeRel|Win32.ActiveCfg = MinSizeRel|Win32
		{95EE4E60-3C65-381B-B980-C75190DE7AB0}.MinSizeRel|Win32.Build.0 = MinSizeRel|Win32
		{95EE4E60-3C65-381B-B980-C75190DE7AB0}.RelWithDebInfo|Win32.ActiveCfg = RelWithDebInfo|Win32
		{95EE4E60-3C65-381B-B980-C75190DE7AB0}.RelWithDebInfo|Win32.Build.0 = RelWithDebInfo|Win32
		{26EFFE22-3583-391D-84CC-BDDEA91213A7}.Debug|Win32.ActiveCfg = Debug|Win32
		{26EFFE22-3583-391D-84CC-BDDEA91213A7}.Debug|Win32.Build.0 = Debug|Win32
		{26EFFE22-3583-391D-84CC-BDDEA91213A7}.Release|Win32.ActiveCfg = Release|Win32
		{26EFFE22-3583-391D-84CC-BDDEA91213A7}.Release|Win32.Build.0 = Release|Win32
		{26EFFE22-3583-391D-84CC-BDDEA91213A7}.MinSizeRel|Win32.ActiveCfg = MinSizeRel|Win32
		{26EFFE22-3583-391D-84CC-BDDEA91213A7}.MinSizeRel|Win32.Build.0 = MinSizeRel|Win32
		{26EFFE22-3583-391D-84CC-BDDEA91213A7}.RelWithDebInfo|Win32.ActiveCfg = RelWithDebInfo|Win32
		{26EFFE22-3583-391D-84CC-BDDEA91213A7}.RelWithDebInfo|Win32.Build.0 = RelWithDebInfo|Win32
		{E8B20098-0FEE-35EA-B4D9-1CBAC7801A57}.Debug|Win32.ActiveCfg = Debug|Win32
		{E8B20098-0FEE-35EA-B4D9-1CBAC7801A57}.Debug|Win32.Build.0 = Debug|Win32
		{E8B20098-0FEE-35EA-B4D9-1CBAC7801A57}.Release|Win32.ActiveCfg = Release|Win32
		{E8B20098-0FEE-35EA-B4D9-1CBAC7801A57}.Release|Win32.Build.0 = Release|Win32
		{E8B20098-0FEE-35EA-B4D9-1CBAC7801A57}.MinSizeRel|Win32.ActiveCfg = MinSizeRel|Win32
		{E8B20098-0FEE-35EA-B4D9-1CBAC7801A57}.MinSizeRel|Win32.Build.0 = MinSizeRel|Win32
		{E8B20098-0FEE-35EA-B4D9-1CBAC7801A57}.RelWithDebInfo|Win32.ActiveCfg = RelWithDebInfo|Win32
		{E8B20098-0FEE-35EA-B4D9-1CBAC7801A57}.RelWithDebInfo|Win32.Build.0 = RelWithDebInfo|Win32
		{08B6BEEB-9F95-368E-A2AD-56A72D45C6BF}.Debug|Win32.ActiveCfg = Debug|Win32
		{08B6BEEB-9F95-368E-A2AD-56A72D45C6BF}.Debug|Win32.Build.0 = Debug|Win32
		{08B6BEEB-9F95-368E-A2AD-56A72D45C6BF}.Release|Win32.ActiveCfg = Release|Win32
		{08B6BEEB-9F95-368E-A2AD-56A72D45C6BF}.Release|Win32.Build.0 = Release|Win32
		{08B6BEEB-9F95-368E-A2AD-56A72D45C6BF}.MinSizeRel|Win32.ActiveCfg = MinSizeRel|Win32
		{08B6BEEB-9F95-368E-A2AD-56A72D45C6BF}.MinSizeRel|Win32.Build.0 = MinSizeRel|Win32
		{08B6BEEB-9F95-368E-A2AD-56A72D45C6BF}.RelWithDebInfo|Win32.ActiveCfg = RelWithDebInfo|Win32
		{08B6BEEB-9F95-368E-A2AD-56A72D45C6BF}.RelWithDebInfo|Win32.Build.0 = RelWithDebInfo|Win32
		{E973711A-6C14-3A37-A134-41FF24883240}.Debug|Win32.ActiveCfg = Debug|Win32
		{E973711A-6C14-3A37-A134-41FF24883240}.Debug|Win32.Build.0 = Debug|Win32
		{E973711A-6C14-3A37-A134-41FF24883240}.Release|Win32.ActiveCfg = Release|Win32
		{E973711A-6C14-3A37-A134-41FF24883240}.Release|Win32.Build.0 = Release|Win32
		{E973711A-6C14-3A37-A134-41FF24883240}.MinSizeRel|Win32.ActiveCfg = MinSizeRel|Win32
		{E973711A-6C14-3A37-A134-41FF24883240}.MinSizeRel|Win32.Build.0 = MinSizeRel|Win32
		{E973711A-6C14-3A37-A134-41FF24883240}.RelWithDebInfo|Win32.ActiveCfg = RelWithDebInfo|Win32
		{E973711A-6C14-3A37-A134-41FF24883240}.RelWithDebInfo|Win32.Build.0 = RelWithDebInfo|Win32
		{31A994CE-2CE7-365C-A769-823526D765F3}.Debug|Win32.ActiveCfg = Debug|Win32
		{31A994CE-2CE7-365C-A769-823526D765F3}.Release|Win32.ActiveCfg = Release|Win32
		{31A994CE-2CE7-365C-A769-823526D765F3}.MinSizeRel|Win32.ActiveCfg = MinSizeRel|Win32
		{31A994CE-2CE7-365C-A769-823526D765F3}.RelWithDebInfo|Win32.ActiveCfg = RelWithDebInfo|Win32
		{B1220193-4004-3079-B9DB-C69A314F7247}.Debug|Win32.ActiveCfg = Debug|Win32
		{B1220193-4004-3079-B9DB-C69A314F7247}.Debug|Win32.Build.0 = Debug|Win32
		{B1220193-4004-3079-B9DB-C69A314F7247}.Release|Win32.ActiveCfg = Release|Win32
		{B1220193-4004-3079-B9DB-C69A314F7247}.Release|Win32.Build.0 = Release|Win32
		{B1220193-4004-3079-B9DB-C69A314F7247}.MinSizeRel|Win32.ActiveCfg = MinSizeRel|Win32
		{B1220193-4004-3079-B9DB-C69A314F7247}.MinSizeRel|Win32.Build.0 = MinSizeRel|Win32
		{B1220193-4004-3079-B9DB-C69A314F7247}.RelWithDebInfo|Win32.ActiveCfg = RelWithDebInfo|Win32
		{B1220193-4004-3079-B9DB-C69A314F7247}.RelWithDebInfo|Win32.Build.0 = RelWithDebInfo|Win32
		{D6FE05B9-A042-3106-8822-F7331BD2AE9B}.Debug|Win32.ActiveCfg = Debug|Win32
		{D6FE05B9-A042-3106-8822-F7331BD2AE9B}.Debug|Win32.Build.0 = Debug|Win32
		{D6FE05B9-A042-3106-8822-F7331BD2AE9B}.Release|Win32.ActiveCfg = Release|Win32
		{D6FE05B9-A042-3106-8822-F7331BD2AE9B}.Release|Win32.Build.0 = Release|Win32
		{D6FE05B9-A042-3106-8822-F7331BD2AE9B}.MinSizeRel|Win32.ActiveCfg = MinSizeRel|Win32
		{D6FE05B9-A042-3106-8822-F7331BD2AE9B}.MinSizeRel|Win32.Build.0 = MinSizeRel|Win32
		{D6FE05B9-A042-3106-8822-F7331BD2AE9B}.RelWithDebInfo|Win32.ActiveCfg = RelWithDebInfo|Win32
		{D6FE05B9-A042-3106-8822-F7331BD2AE9B}.RelWithDebInfo|Win32.Build.0 = RelWithDebInfo|Win32
	EndGlobalSection
	GlobalSection(NestedProjects) = preSolution
		{77951C2F-EFB3-31B6-8B2B-365AB3C4B564} = {CD1A2C90-0080-3C24-8E89-47A2BA18A4E7}
		{554CABDC-97B9-3E46-A9E2-6EABE4706369} = {CD1A2C90-0080-3C24-8E89-47A2BA18A4E7}
		{F4A7129E-CC25-375B-8D68-AF4AB3A8EE62} = {CD1A2C90-0080-3C24-8E89-47A2BA18A4E7}
		{13E1FA16-FE19-37D0-897B-3B9C6BC521E3} = {FBC29518-6DCB-3ACC-93E4-2F11B7F521F6}
		{6619903B-D9F7-3ED4-AE8C-B5059BCCE7A6} = {FBC29518-6DCB-3ACC-93E4-2F11B7F521F6}
		{B69BED31-9877-363F-92EC-3BB97DA2CDE6} = {FBC29518-6DCB-3ACC-93E4-2F11B7F521F6}
		{039700D4-2544-306B-A768-09DEB0F05F68} = {13E1FA16-FE19-37D0-897B-3B9C6BC521E3}
		{F756262E-0D4A-3938-9370-66E7B9833A4F} = {13E1FA16-FE19-37D0-897B-3B9C6BC521E3}
		{FD01D0D5-CF7E-3030-B825-0C6642DEF6E1} = {13E1FA16-FE19-37D0-897B-3B9C6BC521E3}
		{B3BA18BA-BB8C-3706-A9A4-C5094F54E905} = {13E1FA16-FE19-37D0-897B-3B9C6BC521E3}
		{4F8F7A05-9DA9-3B2A-8C1D-E543DA00EBFE} = {13E1FA16-FE19-37D0-897B-3B9C6BC521E3}
		{AB966C51-B7EF-3F75-A5D7-96965523A937} = {13E1FA16-FE19-37D0-897B-3B9C6BC521E3}
		{95EE4E60-3C65-381B-B980-C75190DE7AB0} = {13E1FA16-FE19-37D0-897B-3B9C6BC521E3}
		{B1220193-4004-3079-B9DB-C69A314F7247} = {13E1FA16-FE19-37D0-897B-3B9C6BC521E3}
		{60F48C94-D32F-3864-BE90-AD2AF1814322} = {6619903B-D9F7-3ED4-AE8C-B5059BCCE7A6}
		{EEA02D1E-B8BB-340C-9081-523F0049175B} = {6619903B-D9F7-3ED4-AE8C-B5059BCCE7A6}
		{C091505D-00B7-3504-BEB3-F613A982D907} = {6619903B-D9F7-3ED4-AE8C-B5059BCCE7A6}
		{F0F8BC66-DF0A-38BE-BDA4-F34C6655A8F9} = {6619903B-D9F7-3ED4-AE8C-B5059BCCE7A6}
		{C56949B5-6F19-32B8-A860-E8B069E3A4F9} = {6619903B-D9F7-3ED4-AE8C-B5059BCCE7A6}
		{2852C76C-EA25-3C3E-AB6D-4687B08F7E42} = {6619903B-D9F7-3ED4-AE8C-B5059BCCE7A6}
		{7F2199DC-2D34-305F-86DF-0B339C5CFCDD} = {6619903B-D9F7-3ED4-AE8C-B5059BCCE7A6}
		{25CE44F4-22E3-323C-8D02-452732DB91DF} = {6619903B-D9F7-3ED4-AE8C-B5059BCCE7A6}
		{FBB13CEF-4ECA-3E61-A3E3-051246747F50} = {6619903B-D9F7-3ED4-AE8C-B5059BCCE7A6}
		{48C26593-2D80-31C4-ADD2-B94DAE4DDD0B} = {6619903B-D9F7-3ED4-AE8C-B5059BCCE7A6}
		{7D11F688-55FD-3E4F-B957-BB7B4FF0A741} = {6619903B-D9F7-3ED4-AE8C-B5059BCCE7A6}
		{232399A3-21CF-322B-B777-678D8FAD6496} = {6619903B-D9F7-3ED4-AE8C-B5059BCCE7A6}
		{8CC49C88-AEEC-30B0-9D89-44D2BCB0F580} = {6619903B-D9F7-3ED4-AE8C-B5059BCCE7A6}
		{26EFFE22-3583-391D-84CC-BDDEA91213A7} = {6619903B-D9F7-3ED4-AE8C-B5059BCCE7A6}
		{E8B20098-0FEE-35EA-B4D9-1CBAC7801A57} = {6619903B-D9F7-3ED4-AE8C-B5059BCCE7A6}
		{08B6BEEB-9F95-368E-A2AD-56A72D45C6BF} = {6619903B-D9F7-3ED4-AE8C-B5059BCCE7A6}
		{E973711A-6C14-3A37-A134-41FF24883240} = {6619903B-D9F7-3ED4-AE8C-B5059BCCE7A6}
		{D6FE05B9-A042-3106-8822-F7331BD2AE9B} = {6619903B-D9F7-3ED4-AE8C-B5059BCCE7A6}
	EndGlobalSection
	GlobalSection(ExtensibilityGlobals) = postSolution
	EndGlobalSection
	GlobalSection(ExtensibilityAddIns) = postSolution
	EndGlobalSection
EndGlobal
